PODS:
  - AFNetworking (4.0.1):
    - AFNetworking/NSURLSession (= 4.0.1)
    - AFNetworking/Reachability (= 4.0.1)
    - AFNetworking/Security (= 4.0.1)
    - AFNetworking/Serialization (= 4.0.1)
    - AFNetworking/UIKit (= 4.0.1)
  - AFNetworking/NSURLSession (4.0.1):
    - AFNetworking/Reachability
    - AFNetworking/Security
    - AFNetworking/Serialization
  - AFNetworking/Reachability (4.0.1)
  - AFNetworking/Security (4.0.1)
  - AFNetworking/Serialization (4.0.1)
  - AFNetworking/UIKit (4.0.1):
    - AFNetworking/NSURLSession
  - Masonry (1.1.0)
  - RTRootNavigationController (0.8.0):
    - RTRootNavigationController/Core (= 0.8.0)
  - RTRootNavigationController/Core (0.8.0)
  - THTools/Core (1.0.8):
    - Masonry
  - THTools/NaviBarTransition (1.0.8):
    - RTRootNavigationController
    - THTools/Core
  - THTools/THNetworking (1.0.8):
    - AFNetworking (~> 4.0)

DEPENDENCIES:
  - THTools/NaviBarTransition (from `../`)
  - THTools/THNetworking (from `../`)

SPEC REPOS:
  https://mirrors.tuna.tsinghua.edu.cn/git/CocoaPods/Specs.git:
    - AFNetworking
    - Masonry
    - RTRootNavigationController

EXTERNAL SOURCES:
  THTools:
    :path: "../"

SPEC CHECKSUMS:
  AFNetworking: 3bd23d814e976cd148d7d44c3ab78017b744cd58
  Masonry: 678fab65091a9290e40e2832a55e7ab731aad201
  RTRootNavigationController: 36c6301870f0467f89d69f4286795340b537d473
  THTools: 1f7cda3e105cde2824346e4c153c1df57fa1c5df

PODFILE CHECKSUM: b1d6a871fb3ba43ee6fac1aee5de8c3e0a588686

COCOAPODS: 1.15.2
