// !$*UTF8*$!
{
	archiveVersion = 1;
	classes = {
	};
	objectVersion = 50;
	objects = {

/* Begin PBXBuildFile section */
		11E7D2E2272AA62D00EB8F57 /* AppDelegate.m in Sources */ = {isa = PBXBuildFile; fileRef = 11E7D2E1272AA62D00EB8F57 /* AppDelegate.m */; };
		11E7D2E5272AA62D00EB8F57 /* SceneDelegate.m in Sources */ = {isa = PBXBuildFile; fileRef = 11E7D2E4272AA62D00EB8F57 /* SceneDelegate.m */; };
		11E7D2E8272AA62D00EB8F57 /* ViewController.m in Sources */ = {isa = PBXBuildFile; fileRef = 11E7D2E7272AA62D00EB8F57 /* ViewController.m */; };
		11E7D2EB272AA62D00EB8F57 /* Main.storyboard in Resources */ = {isa = PBXBuildFile; fileRef = 11E7D2E9272AA62D00EB8F57 /* Main.storyboard */; };
		11E7D2ED272AA63800EB8F57 /* Assets.xcassets in Resources */ = {isa = PBXBuildFile; fileRef = 11E7D2EC272AA63800EB8F57 /* Assets.xcassets */; };
		11E7D2F0272AA63800EB8F57 /* LaunchScreen.storyboard in Resources */ = {isa = PBXBuildFile; fileRef = 11E7D2EE272AA63800EB8F57 /* LaunchScreen.storyboard */; };
		11E7D2F3272AA63800EB8F57 /* main.m in Sources */ = {isa = PBXBuildFile; fileRef = 11E7D2F2272AA63800EB8F57 /* main.m */; };
/* End PBXBuildFile section */

/* Begin PBXFileReference section */
		11E7D2DD272AA62D00EB8F57 /* THToolsDemo.app */ = {isa = PBXFileReference; explicitFileType = wrapper.application; includeInIndex = 0; path = THToolsDemo.app; sourceTree = BUILT_PRODUCTS_DIR; };
		11E7D2E0272AA62D00EB8F57 /* AppDelegate.h */ = {isa = PBXFileReference; lastKnownFileType = sourcecode.c.h; path = AppDelegate.h; sourceTree = "<group>"; };
		11E7D2E1272AA62D00EB8F57 /* AppDelegate.m */ = {isa = PBXFileReference; lastKnownFileType = sourcecode.c.objc; path = AppDelegate.m; sourceTree = "<group>"; };
		11E7D2E3272AA62D00EB8F57 /* SceneDelegate.h */ = {isa = PBXFileReference; lastKnownFileType = sourcecode.c.h; path = SceneDelegate.h; sourceTree = "<group>"; };
		11E7D2E4272AA62D00EB8F57 /* SceneDelegate.m */ = {isa = PBXFileReference; lastKnownFileType = sourcecode.c.objc; path = SceneDelegate.m; sourceTree = "<group>"; };
		11E7D2E6272AA62D00EB8F57 /* ViewController.h */ = {isa = PBXFileReference; lastKnownFileType = sourcecode.c.h; path = ViewController.h; sourceTree = "<group>"; };
		11E7D2E7272AA62D00EB8F57 /* ViewController.m */ = {isa = PBXFileReference; lastKnownFileType = sourcecode.c.objc; path = ViewController.m; sourceTree = "<group>"; };
		11E7D2EA272AA62D00EB8F57 /* Base */ = {isa = PBXFileReference; lastKnownFileType = file.storyboard; name = Base; path = Base.lproj/Main.storyboard; sourceTree = "<group>"; };
		11E7D2EC272AA63800EB8F57 /* Assets.xcassets */ = {isa = PBXFileReference; lastKnownFileType = folder.assetcatalog; path = Assets.xcassets; sourceTree = "<group>"; };
		11E7D2EF272AA63800EB8F57 /* Base */ = {isa = PBXFileReference; lastKnownFileType = file.storyboard; name = Base; path = Base.lproj/LaunchScreen.storyboard; sourceTree = "<group>"; };
		11E7D2F1272AA63800EB8F57 /* Info.plist */ = {isa = PBXFileReference; lastKnownFileType = text.plist.xml; path = Info.plist; sourceTree = "<group>"; };
		11E7D2F2272AA63800EB8F57 /* main.m */ = {isa = PBXFileReference; lastKnownFileType = sourcecode.c.objc; path = main.m; sourceTree = "<group>"; };
/* End PBXFileReference section */

/* Begin PBXFrameworksBuildPhase section */
		11E7D2DA272AA62D00EB8F57 /* Frameworks */ = {
			isa = PBXFrameworksBuildPhase;
			buildActionMask = 2147483647;
			files = (
			);
			runOnlyForDeploymentPostprocessing = 0;
		};
/* End PBXFrameworksBuildPhase section */

/* Begin PBXGroup section */
		11E7D2D4272AA62D00EB8F57 = {
			isa = PBXGroup;
			children = (
				11E7D2DF272AA62D00EB8F57 /* THToolsDemo */,
				11E7D2DE272AA62D00EB8F57 /* Products */,
			);
			sourceTree = "<group>";
		};
		11E7D2DE272AA62D00EB8F57 /* Products */ = {
			isa = PBXGroup;
			children = (
				11E7D2DD272AA62D00EB8F57 /* THToolsDemo.app */,
			);
			name = Products;
			sourceTree = "<group>";
		};
		11E7D2DF272AA62D00EB8F57 /* THToolsDemo */ = {
			isa = PBXGroup;
			children = (
				11E7D2E0272AA62D00EB8F57 /* AppDelegate.h */,
				11E7D2E1272AA62D00EB8F57 /* AppDelegate.m */,
				11E7D2E3272AA62D00EB8F57 /* SceneDelegate.h */,
				11E7D2E4272AA62D00EB8F57 /* SceneDelegate.m */,
				11E7D2E6272AA62D00EB8F57 /* ViewController.h */,
				11E7D2E7272AA62D00EB8F57 /* ViewController.m */,
				11E7D2E9272AA62D00EB8F57 /* Main.storyboard */,
				11E7D2EC272AA63800EB8F57 /* Assets.xcassets */,
				11E7D2EE272AA63800EB8F57 /* LaunchScreen.storyboard */,
				11E7D2F1272AA63800EB8F57 /* Info.plist */,
				11E7D2F2272AA63800EB8F57 /* main.m */,
			);
			path = THToolsDemo;
			sourceTree = "<group>";
		};
/* End PBXGroup section */

/* Begin PBXNativeTarget section */
		11E7D2DC272AA62D00EB8F57 /* THToolsDemo */ = {
			isa = PBXNativeTarget;
			buildConfigurationList = 11E7D2F6272AA63800EB8F57 /* Build configuration list for PBXNativeTarget "THToolsDemo" */;
			buildPhases = (
				11E7D2D9272AA62D00EB8F57 /* Sources */,
				11E7D2DA272AA62D00EB8F57 /* Frameworks */,
				11E7D2DB272AA62D00EB8F57 /* Resources */,
			);
			buildRules = (
			);
			dependencies = (
			);
			name = THToolsDemo;
			productName = THToolsDemo;
			productReference = 11E7D2DD272AA62D00EB8F57 /* THToolsDemo.app */;
			productType = "com.apple.product-type.application";
		};
/* End PBXNativeTarget section */

/* Begin PBXProject section */
		11E7D2D5272AA62D00EB8F57 /* Project object */ = {
			isa = PBXProject;
			attributes = {
				LastUpgradeCheck = 1240;
				TargetAttributes = {
					11E7D2DC272AA62D00EB8F57 = {
						CreatedOnToolsVersion = 12.4;
					};
				};
			};
			buildConfigurationList = 11E7D2D8272AA62D00EB8F57 /* Build configuration list for PBXProject "THToolsDemo" */;
			compatibilityVersion = "Xcode 9.3";
			developmentRegion = en;
			hasScannedForEncodings = 0;
			knownRegions = (
				en,
				Base,
			);
			mainGroup = 11E7D2D4272AA62D00EB8F57;
			productRefGroup = 11E7D2DE272AA62D00EB8F57 /* Products */;
			projectDirPath = "";
			projectRoot = "";
			targets = (
				11E7D2DC272AA62D00EB8F57 /* THToolsDemo */,
			);
		};
/* End PBXProject section */

/* Begin PBXResourcesBuildPhase section */
		11E7D2DB272AA62D00EB8F57 /* Resources */ = {
			isa = PBXResourcesBuildPhase;
			buildActionMask = 2147483647;
			files = (
				11E7D2F0272AA63800EB8F57 /* LaunchScreen.storyboard in Resources */,
				11E7D2ED272AA63800EB8F57 /* Assets.xcassets in Resources */,
				11E7D2EB272AA62D00EB8F57 /* Main.storyboard in Resources */,
			);
			runOnlyForDeploymentPostprocessing = 0;
		};
/* End PBXResourcesBuildPhase section */

/* Begin PBXSourcesBuildPhase section */
		11E7D2D9272AA62D00EB8F57 /* Sources */ = {
			isa = PBXSourcesBuildPhase;
			buildActionMask = 2147483647;
			files = (
				11E7D2E8272AA62D00EB8F57 /* ViewController.m in Sources */,
				11E7D2E2272AA62D00EB8F57 /* AppDelegate.m in Sources */,
				11E7D2F3272AA63800EB8F57 /* main.m in Sources */,
				11E7D2E5272AA62D00EB8F57 /* SceneDelegate.m in Sources */,
			);
			runOnlyForDeploymentPostprocessing = 0;
		};
/* End PBXSourcesBuildPhase section */

/* Begin PBXVariantGroup section */
		11E7D2E9272AA62D00EB8F57 /* Main.storyboard */ = {
			isa = PBXVariantGroup;
			children = (
				11E7D2EA272AA62D00EB8F57 /* Base */,
			);
			name = Main.storyboard;
			sourceTree = "<group>";
		};
		11E7D2EE272AA63800EB8F57 /* LaunchScreen.storyboard */ = {
			isa = PBXVariantGroup;
			children = (
				11E7D2EF272AA63800EB8F57 /* Base */,
			);
			name = LaunchScreen.storyboard;
			sourceTree = "<group>";
		};
/* End PBXVariantGroup section */

/* Begin XCBuildConfiguration section */
		11E7D2F4272AA63800EB8F57 /* Debug */ = {
			isa = XCBuildConfiguration;
			buildSettings = {
				ALWAYS_SEARCH_USER_PATHS = NO;
				CLANG_ANALYZER_NONNULL = YES;
				CLANG_ANALYZER_NUMBER_OBJECT_CONVERSION = YES_AGGRESSIVE;
				CLANG_CXX_LANGUAGE_STANDARD = "gnu++14";
				CLANG_CXX_LIBRARY = "libc++";
				CLANG_ENABLE_MODULES = YES;
				CLANG_ENABLE_OBJC_ARC = YES;
				CLANG_ENABLE_OBJC_WEAK = YES;
				CLANG_WARN_BLOCK_CAPTURE_AUTORELEASING = YES;
				CLANG_WARN_BOOL_CONVERSION = YES;
				CLANG_WARN_COMMA = YES;
				CLANG_WARN_CONSTANT_CONVERSION = YES;
				CLANG_WARN_DEPRECATED_OBJC_IMPLEMENTATIONS = YES;
				CLANG_WARN_DIRECT_OBJC_ISA_USAGE = YES_ERROR;
				CLANG_WARN_DOCUMENTATION_COMMENTS = YES;
				CLANG_WARN_EMPTY_BODY = YES;
				CLANG_WARN_ENUM_CONVERSION = YES;
				CLANG_WARN_INFINITE_RECURSION = YES;
				CLANG_WARN_INT_CONVERSION = YES;
				CLANG_WARN_NON_LITERAL_NULL_CONVERSION = YES;
				CLANG_WARN_OBJC_IMPLICIT_RETAIN_SELF = YES;
				CLANG_WARN_OBJC_LITERAL_CONVERSION = YES;
				CLANG_WARN_OBJC_ROOT_CLASS = YES_ERROR;
				CLANG_WARN_QUOTED_INCLUDE_IN_FRAMEWORK_HEADER = YES;
				CLANG_WARN_RANGE_LOOP_ANALYSIS = YES;
				CLANG_WARN_STRICT_PROTOTYPES = YES;
				CLANG_WARN_SUSPICIOUS_MOVE = YES;
				CLANG_WARN_UNGUARDED_AVAILABILITY = YES_AGGRESSIVE;
				CLANG_WARN_UNREACHABLE_CODE = YES;
				CLANG_WARN__DUPLICATE_METHOD_MATCH = YES;
				COPY_PHASE_STRIP = NO;
				DEBUG_INFORMATION_FORMAT = dwarf;
				ENABLE_STRICT_OBJC_MSGSEND = YES;
				ENABLE_TESTABILITY = YES;
				GCC_C_LANGUAGE_STANDARD = gnu11;
				GCC_DYNAMIC_NO_PIC = NO;
				GCC_NO_COMMON_BLOCKS = YES;
				GCC_OPTIMIZATION_LEVEL = 0;
				GCC_PREPROCESSOR_DEFINITIONS = (
					"DEBUG=1",
					"$(inherited)",
				);
				GCC_WARN_64_TO_32_BIT_CONVERSION = YES;
				GCC_WARN_ABOUT_RETURN_TYPE = YES_ERROR;
				GCC_WARN_UNDECLARED_SELECTOR = YES;
				GCC_WARN_UNINITIALIZED_AUTOS = YES_AGGRESSIVE;
				GCC_WARN_UNUSED_FUNCTION = YES;
				GCC_WARN_UNUSED_VARIABLE = YES;
				IPHONEOS_DEPLOYMENT_TARGET = 14.4;
				MTL_ENABLE_DEBUG_INFO = INCLUDE_SOURCE;
				MTL_FAST_MATH = YES;
				ONLY_ACTIVE_ARCH = YES;
				SDKROOT = iphoneos;
			};
			name = Debug;
		};
		11E7D2F5272AA63800EB8F57 /* Release */ = {
			isa = XCBuildConfiguration;
			buildSettings = {
				ALWAYS_SEARCH_USER_PATHS = NO;
				CLANG_ANALYZER_NONNULL = YES;
				CLANG_ANALYZER_NUMBER_OBJECT_CONVERSION = YES_AGGRESSIVE;
				CLANG_CXX_LANGUAGE_STANDARD = "gnu++14";
				CLANG_CXX_LIBRARY = "libc++";
				CLANG_ENABLE_MODULES = YES;
				CLANG_ENABLE_OBJC_ARC = YES;
				CLANG_ENABLE_OBJC_WEAK = YES;
				CLANG_WARN_BLOCK_CAPTURE_AUTORELEASING = YES;
				CLANG_WARN_BOOL_CONVERSION = YES;
				CLANG_WARN_COMMA = YES;
				CLANG_WARN_CONSTANT_CONVERSION = YES;
				CLANG_WARN_DEPRECATED_OBJC_IMPLEMENTATIONS = YES;
				CLANG_WARN_DIRECT_OBJC_ISA_USAGE = YES_ERROR;
				CLANG_WARN_DOCUMENTATION_COMMENTS = YES;
				CLANG_WARN_EMPTY_BODY = YES;
				CLANG_WARN_ENUM_CONVERSION = YES;
				CLANG_WARN_INFINITE_RECURSION = YES;
				CLANG_WARN_INT_CONVERSION = YES;
				CLANG_WARN_NON_LITERAL_NULL_CONVERSION = YES;
				CLANG_WARN_OBJC_IMPLICIT_RETAIN_SELF = YES;
				CLANG_WARN_OBJC_LITERAL_CONVERSION = YES;
				CLANG_WARN_OBJC_ROOT_CLASS = YES_ERROR;
				CLANG_WARN_QUOTED_INCLUDE_IN_FRAMEWORK_HEADER = YES;
				CLANG_WARN_RANGE_LOOP_ANALYSIS = YES;
				CLANG_WARN_STRICT_PROTOTYPES = YES;
				CLANG_WARN_SUSPICIOUS_MOVE = YES;
				CLANG_WARN_UNGUARDED_AVAILABILITY = YES_AGGRESSIVE;
				CLANG_WARN_UNREACHABLE_CODE = YES;
				CLANG_WARN__DUPLICATE_METHOD_MATCH = YES;
				COPY_PHASE_STRIP = NO;
				DEBUG_INFORMATION_FORMAT = "dwarf-with-dsym";
				ENABLE_NS_ASSERTIONS = NO;
				ENABLE_STRICT_OBJC_MSGSEND = YES;
				GCC_C_LANGUAGE_STANDARD = gnu11;
				GCC_NO_COMMON_BLOCKS = YES;
				GCC_WARN_64_TO_32_BIT_CONVERSION = YES;
				GCC_WARN_ABOUT_RETURN_TYPE = YES_ERROR;
				GCC_WARN_UNDECLARED_SELECTOR = YES;
				GCC_WARN_UNINITIALIZED_AUTOS = YES_AGGRESSIVE;
				GCC_WARN_UNUSED_FUNCTION = YES;
				GCC_WARN_UNUSED_VARIABLE = YES;
				IPHONEOS_DEPLOYMENT_TARGET = 14.4;
				MTL_ENABLE_DEBUG_INFO = NO;
				MTL_FAST_MATH = YES;
				SDKROOT = iphoneos;
				VALIDATE_PRODUCT = YES;
			};
			name = Release;
		};
		11E7D2F7272AA63800EB8F57 /* Debug */ = {
			isa = XCBuildConfiguration;
			buildSettings = {
				ASSETCATALOG_COMPILER_APPICON_NAME = AppIcon;
				ASSETCATALOG_COMPILER_GLOBAL_ACCENT_COLOR_NAME = AccentColor;
				CODE_SIGN_STYLE = Automatic;
				INFOPLIST_FILE = THToolsDemo/Info.plist;
				IPHONEOS_DEPLOYMENT_TARGET = 10.0;
				LD_RUNPATH_SEARCH_PATHS = (
					"$(inherited)",
					"@executable_path/Frameworks",
				);
				PRODUCT_BUNDLE_IDENTIFIER = com.THToolsDemo;
				PRODUCT_NAME = "$(TARGET_NAME)";
				TARGETED_DEVICE_FAMILY = 1;
			};
			name = Debug;
		};
		11E7D2F8272AA63800EB8F57 /* Release */ = {
			isa = XCBuildConfiguration;
			buildSettings = {
				ASSETCATALOG_COMPILER_APPICON_NAME = AppIcon;
				ASSETCATALOG_COMPILER_GLOBAL_ACCENT_COLOR_NAME = AccentColor;
				CODE_SIGN_STYLE = Automatic;
				INFOPLIST_FILE = THToolsDemo/Info.plist;
				IPHONEOS_DEPLOYMENT_TARGET = 10.0;
				LD_RUNPATH_SEARCH_PATHS = (
					"$(inherited)",
					"@executable_path/Frameworks",
				);
				PRODUCT_BUNDLE_IDENTIFIER = com.THToolsDemo;
				PRODUCT_NAME = "$(TARGET_NAME)";
				TARGETED_DEVICE_FAMILY = 1;
			};
			name = Release;
		};
/* End XCBuildConfiguration section */

/* Begin XCConfigurationList section */
		11E7D2D8272AA62D00EB8F57 /* Build configuration list for PBXProject "THToolsDemo" */ = {
			isa = XCConfigurationList;
			buildConfigurations = (
				11E7D2F4272AA63800EB8F57 /* Debug */,
				11E7D2F5272AA63800EB8F57 /* Release */,
			);
			defaultConfigurationIsVisible = 0;
			defaultConfigurationName = Release;
		};
		11E7D2F6272AA63800EB8F57 /* Build configuration list for PBXNativeTarget "THToolsDemo" */ = {
			isa = XCConfigurationList;
			buildConfigurations = (
				11E7D2F7272AA63800EB8F57 /* Debug */,
				11E7D2F8272AA63800EB8F57 /* Release */,
			);
			defaultConfigurationIsVisible = 0;
			defaultConfigurationName = Release;
		};
/* End XCConfigurationList section */
	};
	rootObject = 11E7D2D5272AA62D00EB8F57 /* Project object */;
}
